
Microsoft Visual Studio Solution File, Format Version 12.00
# Visual Studio Version 17
VisualStudioVersion = 17.14.36401.2 d17.14
MinimumVisualStudioVersion = 10.0.40219.1
Project("{FAE04EC0-301F-11D3-BF4B-00C04F79EFBC}") = "AzureAichatbot", "AzureAichatbot\AzureAichatbot.csproj", "{D2559738-105C-42A2-8BE2-DA141628A80E}"
EndProject
Global
	GlobalSection(SolutionConfigurationPlatforms) = preSolution
		Debug|Any CPU = Debug|Any CPU
		Release|Any CPU = Release|Any CPU
	EndGlobalSection
	GlobalSection(ProjectConfigurationPlatforms) = postSolution
		{D2559738-105C-42A2-8BE2-DA141628A80E}.Debug|Any CPU.ActiveCfg = Debug|Any CPU
		{D2559738-105C-42A2-8BE2-DA141628A80E}.Debug|Any CPU.Build.0 = Debug|Any CPU
		{D2559738-105C-42A2-8BE2-DA141628A80E}.Release|Any CPU.ActiveCfg = Release|Any CPU
		{D2559738-105C-42A2-8BE2-DA141628A80E}.Release|Any CPU.Build.0 = Release|Any CPU
	EndGlobalSection
	GlobalSection(SolutionProperties) = preSolution
		HideSolutionNode = FALSE
	EndGlobalSection
	GlobalSection(ExtensibilityGlobals) = postSolution
		SolutionGuid = {199B4EBF-D617-482D-B9F6-4C7B186E59E2}
	EndGlobalSection
EndGlobal
